
Microsoft Visual Studio Solution File, Format Version 12.00
# Visual Studio 14
VisualStudioVersion = 14.0.25420.1
MinimumVisualStudioVersion = 10.0.40219.1
Project("{FAE04EC0-301F-11D3-BF4B-00C04F79EFBC}") = "AppCenter.UI", "AppCenter\AppCenter.UI.csproj", "{DAB1014C-5CC3-4BFB-AEF5-055986EBD39D}"
EndProject
Project("{FAE04EC0-301F-11D3-BF4B-00C04F79EFBC}") = "AppCenter.SSO", "AppCenter.SSO\AppCenter.SSO.csproj", "{41DE6A9B-0767-42D3-AE15-9A3DD57161E9}"
EndProject
Global
	GlobalSection(SolutionConfigurationPlatforms) = preSolution
		Debug|Any CPU = Debug|Any CPU
		Release|Any CPU = Release|Any CPU
	EndGlobalSection
	GlobalSection(ProjectConfigurationPlatforms) = postSolution
		{DAB1014C-5CC3-4BFB-AEF5-055986EBD39D}.Debug|Any CPU.ActiveCfg = Debug|Any CPU
		{DAB1014C-5CC3-4BFB-AEF5-055986EBD39D}.Debug|Any CPU.Build.0 = Debug|Any CPU
		{DAB1014C-5CC3-4BFB-AEF5-055986EBD39D}.Release|Any CPU.ActiveCfg = Release|Any CPU
		{DAB1014C-5CC3-4BFB-AEF5-055986EBD39D}.Release|Any CPU.Build.0 = Release|Any CPU
		{41DE6A9B-0767-42D3-AE15-9A3DD57161E9}.Debug|Any CPU.ActiveCfg = Debug|Any CPU
		{41DE6A9B-0767-42D3-AE15-9A3DD57161E9}.Debug|Any CPU.Build.0 = Debug|Any CPU
		{41DE6A9B-0767-42D3-AE15-9A3DD57161E9}.Release|Any CPU.ActiveCfg = Release|Any CPU
		{41DE6A9B-0767-42D3-AE15-9A3DD57161E9}.Release|Any CPU.Build.0 = Release|Any CPU
	EndGlobalSection
	GlobalSection(SolutionProperties) = preSolution
		HideSolutionNode = FALSE
	EndGlobalSection
EndGlobal
